
Microsoft Visual Studio Solution File, Format Version 12.00
# Visual Studio Version 17
VisualStudioVersion = 17.8.34330.188
MinimumVisualStudioVersion = 10.0.40219.1
Project("{FAE04EC0-301F-11D3-BF4B-00C04F79EFBC}") = "5", "5\5.csproj", "{96783F72-D5ED-4EC8-B2E5-5DAE93D67E71}"
EndProject
Global
	GlobalSection(SolutionConfigurationPlatforms) = preSolution
		Debug|Any CPU = Debug|Any CPU
		Release|Any CPU = Release|Any CPU
	EndGlobalSection
	GlobalSection(ProjectConfigurationPlatforms) = postSolution
		{96783F72-D5ED-4EC8-B2E5-5DAE93D67E71}.Debug|Any CPU.ActiveCfg = Debug|Any CPU
		{96783F72-D5ED-4EC8-B2E5-5DAE93D67E71}.Debug|Any CPU.Build.0 = Debug|Any CPU
		{96783F72-D5ED-4EC8-B2E5-5DAE93D67E71}.Release|Any CPU.ActiveCfg = Release|Any CPU
		{96783F72-D5ED-4EC8-B2E5-5DAE93D67E71}.Release|Any CPU.Build.0 = Release|Any CPU
	EndGlobalSection
	GlobalSection(SolutionProperties) = preSolution
		HideSolutionNode = FALSE
	EndGlobalSection
	GlobalSection(ExtensibilityGlobals) = postSolution
		SolutionGuid = {380EFC81-3D03-49B9-969F-DC8A0F1F54F2}
	EndGlobalSection
EndGlobal
